// !$*UTF8*$!
{
	archiveVersion = 1;
	classes = {
	};
	objectVersion = 77;
	objects = {

/* Begin PBXBuildFile section */
		05C6042FCB1122389B725CB7 /* ItemCell.swift in Sources */ = {isa = PBXBuildFile; fileRef = 9798D2B20B57825DAB78E94B /* ItemCell.swift */; };
		562AD1098214C58BE965CA00 /* ClipboardMonitor.swift in Sources */ = {isa = PBXBuildFile; fileRef = 853F55BCF968BE166A713086 /* ClipboardMonitor.swift */; };
		94F57F6451FF72B2EC1D77D0 /* ItemStore.swift in Sources */ = {isa = PBXBuildFile; fileRef = 4181EDF669E5E28978E83813 /* ItemStore.swift */; };
		99D1E15618E7B3CDEFDB11E3 /* AppDelegate.swift in Sources */ = {isa = PBXBuildFile; fileRef = F668FF70FDF62925335A6043 /* AppDelegate.swift */; };
		AA2700374D8D08F761EF340A /* KnapsackItem.swift in Sources */ = {isa = PBXBuildFile; fileRef = 3BBBCD4037E0DC8DC94C2BF5 /* KnapsackItem.swift */; };
		AD8FD07CD73589C2E54E20F5 /* SettingsView.swift in Sources */ = {isa = PBXBuildFile; fileRef = B546E50318217E4D1414E17C /* SettingsView.swift */; };
		D9DC7C63805D3719F8EFDC03 /* FolderWatcher.swift in Sources */ = {isa = PBXBuildFile; fileRef = 47878C4A88E7FC7819F83EE4 /* FolderWatcher.swift */; };
		DAD033F62CA63EAC08531EBE /* PanelController.swift in Sources */ = {isa = PBXBuildFile; fileRef = 48CA8473A163D78187C589F3 /* PanelController.swift */; };
		E1EDE4CA8CDAE7A202890CBC /* ContentView.swift in Sources */ = {isa = PBXBuildFile; fileRef = 183790D64114231F64E8380D /* ContentView.swift */; };
		FD156E3FBDAF4B78A80A032B /* KnapsackApp.swift in Sources */ = {isa = PBXBuildFile; fileRef = 244B7DFA17C21720A936BECC /* KnapsackApp.swift */; };
/* End PBXBuildFile section */

/* Begin PBXFileReference section */
		183790D64114231F64E8380D /* ContentView.swift */ = {isa = PBXFileReference; lastKnownFileType = sourcecode.swift; path = ContentView.swift; sourceTree = "<group>"; };
		2380906E52E6C403BA8AD8D8 /* Knapsack.app */ = {isa = PBXFileReference; explicitFileType = wrapper.application; includeInIndex = 0; path = Knapsack.app; sourceTree = BUILT_PRODUCTS_DIR; };
		244B7DFA17C21720A936BECC /* KnapsackApp.swift */ = {isa = PBXFileReference; lastKnownFileType = sourcecode.swift; path = KnapsackApp.swift; sourceTree = "<group>"; };
		3BBBCD4037E0DC8DC94C2BF5 /* KnapsackItem.swift */ = {isa = PBXFileReference; lastKnownFileType = sourcecode.swift; path = KnapsackItem.swift; sourceTree = "<group>"; };
		4181EDF669E5E28978E83813 /* ItemStore.swift */ = {isa = PBXFileReference; lastKnownFileType = sourcecode.swift; path = ItemStore.swift; sourceTree = "<group>"; };
		47878C4A88E7FC7819F83EE4 /* FolderWatcher.swift */ = {isa = PBXFileReference; lastKnownFileType = sourcecode.swift; path = FolderWatcher.swift; sourceTree = "<group>"; };
		48CA8473A163D78187C589F3 /* PanelController.swift */ = {isa = PBXFileReference; lastKnownFileType = sourcecode.swift; path = PanelController.swift; sourceTree = "<group>"; };
		853F55BCF968BE166A713086 /* ClipboardMonitor.swift */ = {isa = PBXFileReference; lastKnownFileType = sourcecode.swift; path = ClipboardMonitor.swift; sourceTree = "<group>"; };
		9798D2B20B57825DAB78E94B /* ItemCell.swift */ = {isa = PBXFileReference; lastKnownFileType = sourcecode.swift; path = ItemCell.swift; sourceTree = "<group>"; };
		B546E50318217E4D1414E17C /* SettingsView.swift */ = {isa = PBXFileReference; lastKnownFileType = sourcecode.swift; path = SettingsView.swift; sourceTree = "<group>"; };
		F668FF70FDF62925335A6043 /* AppDelegate.swift */ = {isa = PBXFileReference; lastKnownFileType = sourcecode.swift; path = AppDelegate.swift; sourceTree = "<group>"; };
/* End PBXFileReference section */

/* Begin PBXGroup section */
		056F1F0FA8058C7F727258F6 /* Sources */ = {
			isa = PBXGroup;
			children = (
				F668FF70FDF62925335A6043 /* AppDelegate.swift */,
				244B7DFA17C21720A936BECC /* KnapsackApp.swift */,
				48CA8473A163D78187C589F3 /* PanelController.swift */,
				FEF964AC9D842F05B8A9AC5C /* Models */,
				A0377D236954A281386ED32A /* Monitors */,
				8A76E8EFB9E6E4944CA43209 /* Stores */,
				1F4EC09DEC7B0F65CDE24F8F /* Views */,
			);
			path = Sources;
			sourceTree = "<group>";
		};
		1F4EC09DEC7B0F65CDE24F8F /* Views */ = {
			isa = PBXGroup;
			children = (
				183790D64114231F64E8380D /* ContentView.swift */,
				9798D2B20B57825DAB78E94B /* ItemCell.swift */,
				B546E50318217E4D1414E17C /* SettingsView.swift */,
			);
			path = Views;
			sourceTree = "<group>";
		};
		8A76E8EFB9E6E4944CA43209 /* Stores */ = {
			isa = PBXGroup;
			children = (
				4181EDF669E5E28978E83813 /* ItemStore.swift */,
			);
			path = Stores;
			sourceTree = "<group>";
		};
		A0377D236954A281386ED32A /* Monitors */ = {
			isa = PBXGroup;
			children = (
				853F55BCF968BE166A713086 /* ClipboardMonitor.swift */,
				47878C4A88E7FC7819F83EE4 /* FolderWatcher.swift */,
			);
			path = Monitors;
			sourceTree = "<group>";
		};
		D07915F1892346B3FEA78BB3 /* Products */ = {
			isa = PBXGroup;
			children = (
				2380906E52E6C403BA8AD8D8 /* Knapsack.app */,
			);
			name = Products;
			sourceTree = "<group>";
		};
		DE7D10604A54BC378C75F772 = {
			isa = PBXGroup;
			children = (
				056F1F0FA8058C7F727258F6 /* Sources */,
				D07915F1892346B3FEA78BB3 /* Products */,
			);
			sourceTree = "<group>";
		};
		FEF964AC9D842F05B8A9AC5C /* Models */ = {
			isa = PBXGroup;
			children = (
				3BBBCD4037E0DC8DC94C2BF5 /* KnapsackItem.swift */,
			);
			path = Models;
			sourceTree = "<group>";
		};
/* End PBXGroup section */

/* Begin PBXNativeTarget section */
		A43883B8BA4C6600E0DB0DCF /* Knapsack */ = {
			isa = PBXNativeTarget;
			buildConfigurationList = 186A2628B91E85107EFB1799 /* Build configuration list for PBXNativeTarget "Knapsack" */;
			buildPhases = (
				36CB344E05A5E27499ACD62A /* Sources */,
			);
			buildRules = (
			);
			dependencies = (
			);
			name = Knapsack;
			packageProductDependencies = (
			);
			productName = Knapsack;
			productReference = 2380906E52E6C403BA8AD8D8 /* Knapsack.app */;
			productType = "com.apple.product-type.application";
		};
/* End PBXNativeTarget section */

/* Begin PBXProject section */
		B5AD59D1D3A2FFF3FB3B2FAA /* Project object */ = {
			isa = PBXProject;
			attributes = {
				BuildIndependentTargetsInParallel = YES;
				LastUpgradeCheck = 1430;
				TargetAttributes = {
				};
			};
			buildConfigurationList = 6698F6CA885C6ED9E1F7F94A /* Build configuration list for PBXProject "Knapsack" */;
			developmentRegion = en;
			hasScannedForEncodings = 0;
			knownRegions = (
				Base,
				en,
			);
			mainGroup = DE7D10604A54BC378C75F772;
			minimizedProjectReferenceProxies = 1;
			preferredProjectObjectVersion = 77;
			productRefGroup = D07915F1892346B3FEA78BB3 /* Products */;
			projectDirPath = "";
			projectRoot = "";
			targets = (
				A43883B8BA4C6600E0DB0DCF /* Knapsack */,
			);
		};
/* End PBXProject section */

/* Begin PBXSourcesBuildPhase section */
		36CB344E05A5E27499ACD62A /* Sources */ = {
			isa = PBXSourcesBuildPhase;
			buildActionMask = 2147483647;
			files = (
				99D1E15618E7B3CDEFDB11E3 /* AppDelegate.swift in Sources */,
				562AD1098214C58BE965CA00 /* ClipboardMonitor.swift in Sources */,
				E1EDE4CA8CDAE7A202890CBC /* ContentView.swift in Sources */,
				D9DC7C63805D3719F8EFDC03 /* FolderWatcher.swift in Sources */,
				05C6042FCB1122389B725CB7 /* ItemCell.swift in Sources */,
				94F57F6451FF72B2EC1D77D0 /* ItemStore.swift in Sources */,
				FD156E3FBDAF4B78A80A032B /* KnapsackApp.swift in Sources */,
				AA2700374D8D08F761EF340A /* KnapsackItem.swift in Sources */,
				DAD033F62CA63EAC08531EBE /* PanelController.swift in Sources */,
				AD8FD07CD73589C2E54E20F5 /* SettingsView.swift in Sources */,
			);
			runOnlyForDeploymentPostprocessing = 0;
		};
/* End PBXSourcesBuildPhase section */

/* Begin XCBuildConfiguration section */
		2A4B02C9B808648615B5093D /* Debug */ = {
			isa = XCBuildConfiguration;
			buildSettings = {
				ASSETCATALOG_COMPILER_APPICON_NAME = AppIcon;
				COMBINE_HIDPI_IMAGES = YES;
				INFOPLIST_FILE = Sources/Info.plist;
				LD_RUNPATH_SEARCH_PATHS = (
					"$(inherited)",
					"@executable_path/../Frameworks",
				);
				PRODUCT_BUNDLE_IDENTIFIER = com.knapsack.app;
				PRODUCT_NAME = Knapsack;
				SDKROOT = macosx;
			};
			name = Debug;
		};
		33731A3D7B438DCFCF92E68D /* Debug */ = {
			isa = XCBuildConfiguration;
			buildSettings = {
				ALWAYS_SEARCH_USER_PATHS = NO;
				CLANG_ANALYZER_NONNULL = YES;
				CLANG_ANALYZER_NUMBER_OBJECT_CONVERSION = YES_AGGRESSIVE;
				CLANG_CXX_LANGUAGE_STANDARD = "gnu++14";
				CLANG_CXX_LIBRARY = "libc++";
				CLANG_ENABLE_MODULES = YES;
				CLANG_ENABLE_OBJC_ARC = YES;
				CLANG_ENABLE_OBJC_WEAK = YES;
				CLANG_WARN_BLOCK_CAPTURE_AUTORELEASING = YES;
				CLANG_WARN_BOOL_CONVERSION = YES;
				CLANG_WARN_COMMA = YES;
				CLANG_WARN_CONSTANT_CONVERSION = YES;
				CLANG_WARN_DEPRECATED_OBJC_IMPLEMENTATIONS = YES;
				CLANG_WARN_DIRECT_OBJC_ISA_USAGE = YES_ERROR;
				CLANG_WARN_DOCUMENTATION_COMMENTS = YES;
				CLANG_WARN_EMPTY_BODY = YES;
				CLANG_WARN_ENUM_CONVERSION = YES;
				CLANG_WARN_INFINITE_RECURSION = YES;
				CLANG_WARN_INT_CONVERSION = YES;
				CLANG_WARN_NON_LITERAL_NULL_CONVERSION = YES;
				CLANG_WARN_OBJC_IMPLICIT_RETAIN_SELF = YES;
				CLANG_WARN_OBJC_LITERAL_CONVERSION = YES;
				CLANG_WARN_OBJC_ROOT_CLASS = YES_ERROR;
				CLANG_WARN_QUOTED_INCLUDE_IN_FRAMEWORK_HEADER = YES;
				CLANG_WARN_RANGE_LOOP_ANALYSIS = YES;
				CLANG_WARN_STRICT_PROTOTYPES = YES;
				CLANG_WARN_SUSPICIOUS_MOVE = YES;
				CLANG_WARN_UNGUARDED_AVAILABILITY = YES_AGGRESSIVE;
				CLANG_WARN_UNREACHABLE_CODE = YES;
				CLANG_WARN__DUPLICATE_METHOD_MATCH = YES;
				CODE_SIGNING_ALLOWED = YES;
				CODE_SIGNING_REQUIRED = NO;
				CODE_SIGN_IDENTITY = "-";
				COPY_PHASE_STRIP = NO;
				DEBUG_INFORMATION_FORMAT = dwarf;
				ENABLE_HARDENED_RUNTIME = YES;
				ENABLE_STRICT_OBJC_MSGSEND = YES;
				ENABLE_TESTABILITY = YES;
				GCC_C_LANGUAGE_STANDARD = gnu11;
				GCC_DYNAMIC_NO_PIC = NO;
				GCC_NO_COMMON_BLOCKS = YES;
				GCC_OPTIMIZATION_LEVEL = 0;
				GCC_PREPROCESSOR_DEFINITIONS = (
					"$(inherited)",
					"DEBUG=1",
				);
				GCC_WARN_64_TO_32_BIT_CONVERSION = YES;
				GCC_WARN_ABOUT_RETURN_TYPE = YES_ERROR;
				GCC_WARN_UNDECLARED_SELECTOR = YES;
				GCC_WARN_UNINITIALIZED_AUTOS = YES_AGGRESSIVE;
				GCC_WARN_UNUSED_FUNCTION = YES;
				GCC_WARN_UNUSED_VARIABLE = YES;
				MACOSX_DEPLOYMENT_TARGET = 13.0;
				MTL_ENABLE_DEBUG_INFO = INCLUDE_SOURCE;
				MTL_FAST_MATH = YES;
				ONLY_ACTIVE_ARCH = YES;
				PRODUCT_NAME = "$(TARGET_NAME)";
				SDKROOT = macosx;
				SWIFT_ACTIVE_COMPILATION_CONDITIONS = DEBUG;
				SWIFT_OPTIMIZATION_LEVEL = "-Onone";
				SWIFT_VERSION = 5.9;
			};
			name = Debug;
		};
		34F7456B7849FE645D6B7DF6 /* Release */ = {
			isa = XCBuildConfiguration;
			buildSettings = {
				ASSETCATALOG_COMPILER_APPICON_NAME = AppIcon;
				COMBINE_HIDPI_IMAGES = YES;
				INFOPLIST_FILE = Sources/Info.plist;
				LD_RUNPATH_SEARCH_PATHS = (
					"$(inherited)",
					"@executable_path/../Frameworks",
				);
				PRODUCT_BUNDLE_IDENTIFIER = com.knapsack.app;
				PRODUCT_NAME = Knapsack;
				SDKROOT = macosx;
			};
			name = Release;
		};
		F173D71DD848C8862A229EC5 /* Release */ = {
			isa = XCBuildConfiguration;
			buildSettings = {
				ALWAYS_SEARCH_USER_PATHS = NO;
				CLANG_ANALYZER_NONNULL = YES;
				CLANG_ANALYZER_NUMBER_OBJECT_CONVERSION = YES_AGGRESSIVE;
				CLANG_CXX_LANGUAGE_STANDARD = "gnu++14";
				CLANG_CXX_LIBRARY = "libc++";
				CLANG_ENABLE_MODULES = YES;
				CLANG_ENABLE_OBJC_ARC = YES;
				CLANG_ENABLE_OBJC_WEAK = YES;
				CLANG_WARN_BLOCK_CAPTURE_AUTORELEASING = YES;
				CLANG_WARN_BOOL_CONVERSION = YES;
				CLANG_WARN_COMMA = YES;
				CLANG_WARN_CONSTANT_CONVERSION = YES;
				CLANG_WARN_DEPRECATED_OBJC_IMPLEMENTATIONS = YES;
				CLANG_WARN_DIRECT_OBJC_ISA_USAGE = YES_ERROR;
				CLANG_WARN_DOCUMENTATION_COMMENTS = YES;
				CLANG_WARN_EMPTY_BODY = YES;
				CLANG_WARN_ENUM_CONVERSION = YES;
				CLANG_WARN_INFINITE_RECURSION = YES;
				CLANG_WARN_INT_CONVERSION = YES;
				CLANG_WARN_NON_LITERAL_NULL_CONVERSION = YES;
				CLANG_WARN_OBJC_IMPLICIT_RETAIN_SELF = YES;
				CLANG_WARN_OBJC_LITERAL_CONVERSION = YES;
				CLANG_WARN_OBJC_ROOT_CLASS = YES_ERROR;
				CLANG_WARN_QUOTED_INCLUDE_IN_FRAMEWORK_HEADER = YES;
				CLANG_WARN_RANGE_LOOP_ANALYSIS = YES;
				CLANG_WARN_STRICT_PROTOTYPES = YES;
				CLANG_WARN_SUSPICIOUS_MOVE = YES;
				CLANG_WARN_UNGUARDED_AVAILABILITY = YES_AGGRESSIVE;
				CLANG_WARN_UNREACHABLE_CODE = YES;
				CLANG_WARN__DUPLICATE_METHOD_MATCH = YES;
				CODE_SIGNING_ALLOWED = YES;
				CODE_SIGNING_REQUIRED = NO;
				CODE_SIGN_IDENTITY = "-";
				COPY_PHASE_STRIP = NO;
				DEBUG_INFORMATION_FORMAT = "dwarf-with-dsym";
				ENABLE_HARDENED_RUNTIME = YES;
				ENABLE_NS_ASSERTIONS = NO;
				ENABLE_STRICT_OBJC_MSGSEND = YES;
				GCC_C_LANGUAGE_STANDARD = gnu11;
				GCC_NO_COMMON_BLOCKS = YES;
				GCC_WARN_64_TO_32_BIT_CONVERSION = YES;
				GCC_WARN_ABOUT_RETURN_TYPE = YES_ERROR;
				GCC_WARN_UNDECLARED_SELECTOR = YES;
				GCC_WARN_UNINITIALIZED_AUTOS = YES_AGGRESSIVE;
				GCC_WARN_UNUSED_FUNCTION = YES;
				GCC_WARN_UNUSED_VARIABLE = YES;
				MACOSX_DEPLOYMENT_TARGET = 13.0;
				MTL_ENABLE_DEBUG_INFO = NO;
				MTL_FAST_MATH = YES;
				PRODUCT_NAME = "$(TARGET_NAME)";
				SDKROOT = macosx;
				SWIFT_COMPILATION_MODE = wholemodule;
				SWIFT_OPTIMIZATION_LEVEL = "-O";
				SWIFT_VERSION = 5.9;
			};
			name = Release;
		};
/* End XCBuildConfiguration section */

/* Begin XCConfigurationList section */
		186A2628B91E85107EFB1799 /* Build configuration list for PBXNativeTarget "Knapsack" */ = {
			isa = XCConfigurationList;
			buildConfigurations = (
				2A4B02C9B808648615B5093D /* Debug */,
				34F7456B7849FE645D6B7DF6 /* Release */,
			);
			defaultConfigurationIsVisible = 0;
			defaultConfigurationName = Debug;
		};
		6698F6CA885C6ED9E1F7F94A /* Build configuration list for PBXProject "Knapsack" */ = {
			isa = XCConfigurationList;
			buildConfigurations = (
				33731A3D7B438DCFCF92E68D /* Debug */,
				F173D71DD848C8862A229EC5 /* Release */,
			);
			defaultConfigurationIsVisible = 0;
			defaultConfigurationName = Debug;
		};
/* End XCConfigurationList section */
	};
	rootObject = B5AD59D1D3A2FFF3FB3B2FAA /* Project object */;
}
